
Microsoft Visual Studio Solution File, Format Version 12.00
# Visual Studio Version 17
VisualStudioVersion = 17.3.32811.315
MinimumVisualStudioVersion = 10.0.40219.1
Project("{FAE04EC0-301F-11D3-BF4B-00C04F79EFBC}") = "SongGuessBackend", "SongGuessBackend.csproj", "{C4C8B809-722A-4086-8184-0067116B1654}"
EndProject
Global
	GlobalSection(SolutionConfigurationPlatforms) = preSolution
		Debug|Any CPU = Debug|Any CPU
		Release|Any CPU = Release|Any CPU
	EndGlobalSection
	GlobalSection(ProjectConfigurationPlatforms) = postSolution
		{C4C8B809-722A-4086-8184-0067116B1654}.Debug|Any CPU.ActiveCfg = Debug|Any CPU
		{C4C8B809-722A-4086-8184-0067116B1654}.Debug|Any CPU.Build.0 = Debug|Any CPU
		{C4C8B809-722A-4086-8184-0067116B1654}.Release|Any CPU.ActiveCfg = Release|Any CPU
		{C4C8B809-722A-4086-8184-0067116B1654}.Release|Any CPU.Build.0 = Release|Any CPU
	EndGlobalSection
	GlobalSection(SolutionProperties) = preSolution
		HideSolutionNode = FALSE
	EndGlobalSection
	GlobalSection(ExtensibilityGlobals) = postSolution
		SolutionGuid = {4B930FB9-8B5E-49B4-B539-33A8E1A90398}
	EndGlobalSection
EndGlobal
